
Microsoft Visual Studio Solution File, Format Version 12.00
# Visual Studio Version 16
VisualStudioVersion = 16.0.33927.289
MinimumVisualStudioVersion = 10.0.40219.1
Project("{FAE04EC0-301F-11D3-BF4B-00C04F79EFBC}") = "CodeBaseTest", "CodeBaseTest\CodeBaseTest.csproj", "{FFD51200-F4CC-4548-BB30-0390996CECEA}"
EndProject
Global
	GlobalSection(SolutionConfigurationPlatforms) = preSolution
		Debug|Any CPU = Debug|Any CPU
		Release|Any CPU = Release|Any CPU
	EndGlobalSection
	GlobalSection(ProjectConfigurationPlatforms) = postSolution
		{FFD51200-F4CC-4548-BB30-0390996CECEA}.Debug|Any CPU.ActiveCfg = Debug|Any CPU
		{FFD51200-F4CC-4548-BB30-0390996CECEA}.Debug|Any CPU.Build.0 = Debug|Any CPU
		{FFD51200-F4CC-4548-BB30-0390996CECEA}.Release|Any CPU.ActiveCfg = Release|Any CPU
		{FFD51200-F4CC-4548-BB30-0390996CECEA}.Release|Any CPU.Build.0 = Release|Any CPU
	EndGlobalSection
	GlobalSection(SolutionProperties) = preSolution
		HideSolutionNode = FALSE
	EndGlobalSection
	GlobalSection(ExtensibilityGlobals) = postSolution
		SolutionGuid = {DD206ED3-8B70-4D7A-B069-18C26E043DC6}
	EndGlobalSection
EndGlobal
