
Microsoft Visual Studio Solution File, Format Version 12.00
# Visual Studio Version 16
VisualStudioVersion = 16.0.33927.289
MinimumVisualStudioVersion = 10.0.40219.1
Project("{FAE04EC0-301F-11D3-BF4B-00C04F79EFBC}") = "DotNet_Day5", "DotNet_Day5\DotNet_Day5.csproj", "{9256E673-D5CD-4D5C-9806-5E501C9641E9}"
EndProject
Project("{FAE04EC0-301F-11D3-BF4B-00C04F79EFBC}") = "DotNet_Day5_Prj2", "DotNet_Day5_Prj2\DotNet_Day5_Prj2.csproj", "{DC3B23C6-8D41-4285-A5F9-9E153F3374CC}"
EndProject
Global
	GlobalSection(SolutionConfigurationPlatforms) = preSolution
		Debug|Any CPU = Debug|Any CPU
		Release|Any CPU = Release|Any CPU
	EndGlobalSection
	GlobalSection(ProjectConfigurationPlatforms) = postSolution
		{9256E673-D5CD-4D5C-9806-5E501C9641E9}.Debug|Any CPU.ActiveCfg = Debug|Any CPU
		{9256E673-D5CD-4D5C-9806-5E501C9641E9}.Debug|Any CPU.Build.0 = Debug|Any CPU
		{9256E673-D5CD-4D5C-9806-5E501C9641E9}.Release|Any CPU.ActiveCfg = Release|Any CPU
		{9256E673-D5CD-4D5C-9806-5E501C9641E9}.Release|Any CPU.Build.0 = Release|Any CPU
		{DC3B23C6-8D41-4285-A5F9-9E153F3374CC}.Debug|Any CPU.ActiveCfg = Debug|Any CPU
		{DC3B23C6-8D41-4285-A5F9-9E153F3374CC}.Debug|Any CPU.Build.0 = Debug|Any CPU
		{DC3B23C6-8D41-4285-A5F9-9E153F3374CC}.Release|Any CPU.ActiveCfg = Release|Any CPU
		{DC3B23C6-8D41-4285-A5F9-9E153F3374CC}.Release|Any CPU.Build.0 = Release|Any CPU
	EndGlobalSection
	GlobalSection(SolutionProperties) = preSolution
		HideSolutionNode = FALSE
	EndGlobalSection
	GlobalSection(ExtensibilityGlobals) = postSolution
		SolutionGuid = {0875CE67-5163-40D1-9A0F-6262ED97E379}
	EndGlobalSection
EndGlobal
