
Microsoft Visual Studio Solution File, Format Version 12.00
# Visual Studio Version 16
VisualStudioVersion = 16.0.33927.289
MinimumVisualStudioVersion = 10.0.40219.1
Project("{FAE04EC0-301F-11D3-BF4B-00C04F79EFBC}") = "Assignment2", "Assignment2\Assignment2.csproj", "{541E0F05-24EB-4D7E-8263-BC2A714AA048}"
EndProject
Global
	GlobalSection(SolutionConfigurationPlatforms) = preSolution
		Debug|Any CPU = Debug|Any CPU
		Release|Any CPU = Release|Any CPU
	EndGlobalSection
	GlobalSection(ProjectConfigurationPlatforms) = postSolution
		{541E0F05-24EB-4D7E-8263-BC2A714AA048}.Debug|Any CPU.ActiveCfg = Debug|Any CPU
		{541E0F05-24EB-4D7E-8263-BC2A714AA048}.Debug|Any CPU.Build.0 = Debug|Any CPU
		{541E0F05-24EB-4D7E-8263-BC2A714AA048}.Release|Any CPU.ActiveCfg = Release|Any CPU
		{541E0F05-24EB-4D7E-8263-BC2A714AA048}.Release|Any CPU.Build.0 = Release|Any CPU
	EndGlobalSection
	GlobalSection(SolutionProperties) = preSolution
		HideSolutionNode = FALSE
	EndGlobalSection
	GlobalSection(ExtensibilityGlobals) = postSolution
		SolutionGuid = {BC8E528E-3001-4E43-A0A4-4A9F2E74A202}
	EndGlobalSection
EndGlobal
